// !$*UTF8*$!
{
	archiveVersion = 1;
	classes = {
	};
	objectVersion = 56;
	objects = {

/* Begin PBXBuildFile section */
		A46982B52D6F30640055EB1F /* UIImageView+DownloadImage.swift in Sources */ = {isa = PBXBuildFile; fileRef = A46982B42D6F30640055EB1F /* UIImageView+DownloadImage.swift */; };
		A47D05692D6DA8AA009D2878 /* NetworkManager.swift in Sources */ = {isa = PBXBuildFile; fileRef = A47D05682D6DA8AA009D2878 /* NetworkManager.swift */; };
		A47D056B2D6DBAFF009D2878 /* ErrorHandler.swift in Sources */ = {isa = PBXBuildFile; fileRef = A47D056A2D6DBAFF009D2878 /* ErrorHandler.swift */; };
		A4EDD3A42D6C9DA20016DCDF /* ITunesAPIManager.swift in Sources */ = {isa = PBXBuildFile; fileRef = A4EDD3A32D6C9DA20016DCDF /* ITunesAPIManager.swift */; };
		D03279662D2150C7004C72BE /* SearchResult.swift in Sources */ = {isa = PBXBuildFile; fileRef = D03279652D2150C7004C72BE /* SearchResult.swift */; };
		D03279682D216D83004C72BE /* SearchResultCell.xib in Resources */ = {isa = PBXBuildFile; fileRef = D03279672D216D83004C72BE /* SearchResultCell.xib */; };
		D032796A2D21AD5C004C72BE /* SearchResultCell.swift in Sources */ = {isa = PBXBuildFile; fileRef = D03279692D21AD5C004C72BE /* SearchResultCell.swift */; };
		D032796C2D21AE26004C72BE /* NothingFoundCell.xib in Resources */ = {isa = PBXBuildFile; fileRef = D032796B2D21AE26004C72BE /* NothingFoundCell.xib */; };
		D05D26102D095D5B00D692C5 /* AppDelegate.swift in Sources */ = {isa = PBXBuildFile; fileRef = D05D260F2D095D5B00D692C5 /* AppDelegate.swift */; };
		D05D26122D095D5B00D692C5 /* SceneDelegate.swift in Sources */ = {isa = PBXBuildFile; fileRef = D05D26112D095D5B00D692C5 /* SceneDelegate.swift */; };
		D05D26142D095D5B00D692C5 /* StoreSearchController.swift in Sources */ = {isa = PBXBuildFile; fileRef = D05D26132D095D5B00D692C5 /* StoreSearchController.swift */; };
		D05D26172D095D5B00D692C5 /* Base in Resources */ = {isa = PBXBuildFile; fileRef = D05D26162D095D5B00D692C5 /* Base */; };
		D05D26192D095D5C00D692C5 /* Assets.xcassets in Resources */ = {isa = PBXBuildFile; fileRef = D05D26182D095D5C00D692C5 /* Assets.xcassets */; };
		D05D261C2D095D5C00D692C5 /* Base in Resources */ = {isa = PBXBuildFile; fileRef = D05D261B2D095D5C00D692C5 /* Base */; };
		D0AFE3CA2D27F715005E2C91 /* LoadingCell.xib in Resources */ = {isa = PBXBuildFile; fileRef = D0AFE3C92D27F715005E2C91 /* LoadingCell.xib */; };
/* End PBXBuildFile section */

/* Begin PBXFileReference section */
		A46982B42D6F30640055EB1F /* UIImageView+DownloadImage.swift */ = {isa = PBXFileReference; lastKnownFileType = sourcecode.swift; path = "UIImageView+DownloadImage.swift"; sourceTree = "<group>"; };
		A47D05682D6DA8AA009D2878 /* NetworkManager.swift */ = {isa = PBXFileReference; lastKnownFileType = sourcecode.swift; path = NetworkManager.swift; sourceTree = "<group>"; };
		A47D056A2D6DBAFF009D2878 /* ErrorHandler.swift */ = {isa = PBXFileReference; lastKnownFileType = sourcecode.swift; path = ErrorHandler.swift; sourceTree = "<group>"; };
		A4EDD3A32D6C9DA20016DCDF /* ITunesAPIManager.swift */ = {isa = PBXFileReference; lastKnownFileType = sourcecode.swift; path = ITunesAPIManager.swift; sourceTree = "<group>"; };
		D03279652D2150C7004C72BE /* SearchResult.swift */ = {isa = PBXFileReference; lastKnownFileType = sourcecode.swift; path = SearchResult.swift; sourceTree = "<group>"; };
		D03279672D216D83004C72BE /* SearchResultCell.xib */ = {isa = PBXFileReference; lastKnownFileType = file.xib; path = SearchResultCell.xib; sourceTree = "<group>"; };
		D03279692D21AD5C004C72BE /* SearchResultCell.swift */ = {isa = PBXFileReference; lastKnownFileType = sourcecode.swift; path = SearchResultCell.swift; sourceTree = "<group>"; };
		D032796B2D21AE26004C72BE /* NothingFoundCell.xib */ = {isa = PBXFileReference; lastKnownFileType = file.xib; path = NothingFoundCell.xib; sourceTree = "<group>"; };
		D05D260C2D095D5B00D692C5 /* StoreSearch.app */ = {isa = PBXFileReference; explicitFileType = wrapper.application; includeInIndex = 0; path = StoreSearch.app; sourceTree = BUILT_PRODUCTS_DIR; };
		D05D260F2D095D5B00D692C5 /* AppDelegate.swift */ = {isa = PBXFileReference; lastKnownFileType = sourcecode.swift; path = AppDelegate.swift; sourceTree = "<group>"; };
		D05D26112D095D5B00D692C5 /* SceneDelegate.swift */ = {isa = PBXFileReference; lastKnownFileType = sourcecode.swift; path = SceneDelegate.swift; sourceTree = "<group>"; };
		D05D26132D095D5B00D692C5 /* StoreSearchController.swift */ = {isa = PBXFileReference; lastKnownFileType = sourcecode.swift; path = StoreSearchController.swift; sourceTree = "<group>"; };
		D05D26162D095D5B00D692C5 /* Base */ = {isa = PBXFileReference; lastKnownFileType = file.storyboard; name = Base; path = Base.lproj/Main.storyboard; sourceTree = "<group>"; };
		D05D26182D095D5C00D692C5 /* Assets.xcassets */ = {isa = PBXFileReference; lastKnownFileType = folder.assetcatalog; path = Assets.xcassets; sourceTree = "<group>"; };
		D05D261B2D095D5C00D692C5 /* Base */ = {isa = PBXFileReference; lastKnownFileType = file.storyboard; name = Base; path = Base.lproj/LaunchScreen.storyboard; sourceTree = "<group>"; };
		D05D261D2D095D5C00D692C5 /* Info.plist */ = {isa = PBXFileReference; lastKnownFileType = text.plist.xml; path = Info.plist; sourceTree = "<group>"; };
		D0AFE3C92D27F715005E2C91 /* LoadingCell.xib */ = {isa = PBXFileReference; lastKnownFileType = file.xib; path = LoadingCell.xib; sourceTree = "<group>"; };
/* End PBXFileReference section */

/* Begin PBXFrameworksBuildPhase section */
		D05D26092D095D5B00D692C5 /* Frameworks */ = {
			isa = PBXFrameworksBuildPhase;
			buildActionMask = 2147483647;
			files = (
			);
			runOnlyForDeploymentPostprocessing = 0;
		};
/* End PBXFrameworksBuildPhase section */

/* Begin PBXGroup section */
		A46982B32D6F2FEB0055EB1F /* Extensions */ = {
			isa = PBXGroup;
			children = (
				A46982B42D6F30640055EB1F /* UIImageView+DownloadImage.swift */,
			);
			path = Extensions;
			sourceTree = "<group>";
		};
		A4EDD3A22D6C9D5D0016DCDF /* Managers */ = {
			isa = PBXGroup;
			children = (
				A4EDD3A32D6C9DA20016DCDF /* ITunesAPIManager.swift */,
				A47D05682D6DA8AA009D2878 /* NetworkManager.swift */,
				A47D056A2D6DBAFF009D2878 /* ErrorHandler.swift */,
			);
			path = Managers;
			sourceTree = "<group>";
		};
		D04BDF462D2005F7005DB5E2 /* Models */ = {
			isa = PBXGroup;
			children = (
				D03279652D2150C7004C72BE /* SearchResult.swift */,
			);
			path = Models;
			sourceTree = "<group>";
		};
		D04BDF472D200607005DB5E2 /* Views */ = {
			isa = PBXGroup;
			children = (
				D03279672D216D83004C72BE /* SearchResultCell.xib */,
				D03279692D21AD5C004C72BE /* SearchResultCell.swift */,
				D032796B2D21AE26004C72BE /* NothingFoundCell.xib */,
				D0AFE3C92D27F715005E2C91 /* LoadingCell.xib */,
			);
			path = Views;
			sourceTree = "<group>";
		};
		D04BDF482D20060D005DB5E2 /* Controllers */ = {
			isa = PBXGroup;
			children = (
				D05D26132D095D5B00D692C5 /* StoreSearchController.swift */,
			);
			path = Controllers;
			sourceTree = "<group>";
		};
		D05D26032D095D5B00D692C5 = {
			isa = PBXGroup;
			children = (
				D05D260E2D095D5B00D692C5 /* StoreSearch */,
				D05D260D2D095D5B00D692C5 /* Products */,
			);
			sourceTree = "<group>";
		};
		D05D260D2D095D5B00D692C5 /* Products */ = {
			isa = PBXGroup;
			children = (
				D05D260C2D095D5B00D692C5 /* StoreSearch.app */,
			);
			name = Products;
			sourceTree = "<group>";
		};
		D05D260E2D095D5B00D692C5 /* StoreSearch */ = {
			isa = PBXGroup;
			children = (
				A46982B32D6F2FEB0055EB1F /* Extensions */,
				A4EDD3A22D6C9D5D0016DCDF /* Managers */,
				D04BDF462D2005F7005DB5E2 /* Models */,
				D04BDF472D200607005DB5E2 /* Views */,
				D04BDF482D20060D005DB5E2 /* Controllers */,
				D05D260F2D095D5B00D692C5 /* AppDelegate.swift */,
				D05D26112D095D5B00D692C5 /* SceneDelegate.swift */,
				D05D26152D095D5B00D692C5 /* Main.storyboard */,
				D05D26182D095D5C00D692C5 /* Assets.xcassets */,
				D05D261A2D095D5C00D692C5 /* LaunchScreen.storyboard */,
				D05D261D2D095D5C00D692C5 /* Info.plist */,
			);
			path = StoreSearch;
			sourceTree = "<group>";
		};
/* End PBXGroup section */

/* Begin PBXNativeTarget section */
		D05D260B2D095D5B00D692C5 /* StoreSearch */ = {
			isa = PBXNativeTarget;
			buildConfigurationList = D05D26202D095D5C00D692C5 /* Build configuration list for PBXNativeTarget "StoreSearch" */;
			buildPhases = (
				D05D26082D095D5B00D692C5 /* Sources */,
				D05D26092D095D5B00D692C5 /* Frameworks */,
				D05D260A2D095D5B00D692C5 /* Resources */,
			);
			buildRules = (
			);
			dependencies = (
			);
			name = StoreSearch;
			productName = StoreSearch;
			productReference = D05D260C2D095D5B00D692C5 /* StoreSearch.app */;
			productType = "com.apple.product-type.application";
		};
/* End PBXNativeTarget section */

/* Begin PBXProject section */
		D05D26042D095D5B00D692C5 /* Project object */ = {
			isa = PBXProject;
			attributes = {
				BuildIndependentTargetsInParallel = 1;
				LastSwiftUpdateCheck = 1530;
				LastUpgradeCheck = 1530;
				TargetAttributes = {
					D05D260B2D095D5B00D692C5 = {
						CreatedOnToolsVersion = 15.3;
					};
				};
			};
			buildConfigurationList = D05D26072D095D5B00D692C5 /* Build configuration list for PBXProject "StoreSearch" */;
			compatibilityVersion = "Xcode 14.0";
			developmentRegion = en;
			hasScannedForEncodings = 0;
			knownRegions = (
				en,
				Base,
			);
			mainGroup = D05D26032D095D5B00D692C5;
			productRefGroup = D05D260D2D095D5B00D692C5 /* Products */;
			projectDirPath = "";
			projectRoot = "";
			targets = (
				D05D260B2D095D5B00D692C5 /* StoreSearch */,
			);
		};
/* End PBXProject section */

/* Begin PBXResourcesBuildPhase section */
		D05D260A2D095D5B00D692C5 /* Resources */ = {
			isa = PBXResourcesBuildPhase;
			buildActionMask = 2147483647;
			files = (
				D05D26192D095D5C00D692C5 /* Assets.xcassets in Resources */,
				D05D261C2D095D5C00D692C5 /* Base in Resources */,
				D0AFE3CA2D27F715005E2C91 /* LoadingCell.xib in Resources */,
				D03279682D216D83004C72BE /* SearchResultCell.xib in Resources */,
				D032796C2D21AE26004C72BE /* NothingFoundCell.xib in Resources */,
				D05D26172D095D5B00D692C5 /* Base in Resources */,
			);
			runOnlyForDeploymentPostprocessing = 0;
		};
/* End PBXResourcesBuildPhase section */

/* Begin PBXSourcesBuildPhase section */
		D05D26082D095D5B00D692C5 /* Sources */ = {
			isa = PBXSourcesBuildPhase;
			buildActionMask = 2147483647;
			files = (
				D05D26142D095D5B00D692C5 /* StoreSearchController.swift in Sources */,
				D05D26102D095D5B00D692C5 /* AppDelegate.swift in Sources */,
				A4EDD3A42D6C9DA20016DCDF /* ITunesAPIManager.swift in Sources */,
				A47D05692D6DA8AA009D2878 /* NetworkManager.swift in Sources */,
				D03279662D2150C7004C72BE /* SearchResult.swift in Sources */,
				A46982B52D6F30640055EB1F /* UIImageView+DownloadImage.swift in Sources */,
				A47D056B2D6DBAFF009D2878 /* ErrorHandler.swift in Sources */,
				D05D26122D095D5B00D692C5 /* SceneDelegate.swift in Sources */,
				D032796A2D21AD5C004C72BE /* SearchResultCell.swift in Sources */,
			);
			runOnlyForDeploymentPostprocessing = 0;
		};
/* End PBXSourcesBuildPhase section */

/* Begin PBXVariantGroup section */
		D05D26152D095D5B00D692C5 /* Main.storyboard */ = {
			isa = PBXVariantGroup;
			children = (
				D05D26162D095D5B00D692C5 /* Base */,
			);
			name = Main.storyboard;
			sourceTree = "<group>";
		};
		D05D261A2D095D5C00D692C5 /* LaunchScreen.storyboard */ = {
			isa = PBXVariantGroup;
			children = (
				D05D261B2D095D5C00D692C5 /* Base */,
			);
			name = LaunchScreen.storyboard;
			sourceTree = "<group>";
		};
/* End PBXVariantGroup section */

/* Begin XCBuildConfiguration section */
		D05D261E2D095D5C00D692C5 /* Debug */ = {
			isa = XCBuildConfiguration;
			buildSettings = {
				ALWAYS_SEARCH_USER_PATHS = NO;
				ASSETCATALOG_COMPILER_GENERATE_SWIFT_ASSET_SYMBOL_EXTENSIONS = YES;
				CLANG_ANALYZER_NONNULL = YES;
				CLANG_ANALYZER_NUMBER_OBJECT_CONVERSION = YES_AGGRESSIVE;
				CLANG_CXX_LANGUAGE_STANDARD = "gnu++20";
				CLANG_ENABLE_MODULES = YES;
				CLANG_ENABLE_OBJC_ARC = YES;
				CLANG_ENABLE_OBJC_WEAK = YES;
				CLANG_WARN_BLOCK_CAPTURE_AUTORELEASING = YES;
				CLANG_WARN_BOOL_CONVERSION = YES;
				CLANG_WARN_COMMA = YES;
				CLANG_WARN_CONSTANT_CONVERSION = YES;
				CLANG_WARN_DEPRECATED_OBJC_IMPLEMENTATIONS = YES;
				CLANG_WARN_DIRECT_OBJC_ISA_USAGE = YES_ERROR;
				CLANG_WARN_DOCUMENTATION_COMMENTS = YES;
				CLANG_WARN_EMPTY_BODY = YES;
				CLANG_WARN_ENUM_CONVERSION = YES;
				CLANG_WARN_INFINITE_RECURSION = YES;
				CLANG_WARN_INT_CONVERSION = YES;
				CLANG_WARN_NON_LITERAL_NULL_CONVERSION = YES;
				CLANG_WARN_OBJC_IMPLICIT_RETAIN_SELF = YES;
				CLANG_WARN_OBJC_LITERAL_CONVERSION = YES;
				CLANG_WARN_OBJC_ROOT_CLASS = YES_ERROR;
				CLANG_WARN_QUOTED_INCLUDE_IN_FRAMEWORK_HEADER = YES;
				CLANG_WARN_RANGE_LOOP_ANALYSIS = YES;
				CLANG_WARN_STRICT_PROTOTYPES = YES;
				CLANG_WARN_SUSPICIOUS_MOVE = YES;
				CLANG_WARN_UNGUARDED_AVAILABILITY = YES_AGGRESSIVE;
				CLANG_WARN_UNREACHABLE_CODE = YES;
				CLANG_WARN__DUPLICATE_METHOD_MATCH = YES;
				COPY_PHASE_STRIP = NO;
				DEBUG_INFORMATION_FORMAT = dwarf;
				ENABLE_STRICT_OBJC_MSGSEND = YES;
				ENABLE_TESTABILITY = YES;
				ENABLE_USER_SCRIPT_SANDBOXING = YES;
				GCC_C_LANGUAGE_STANDARD = gnu17;
				GCC_DYNAMIC_NO_PIC = NO;
				GCC_NO_COMMON_BLOCKS = YES;
				GCC_OPTIMIZATION_LEVEL = 0;
				GCC_PREPROCESSOR_DEFINITIONS = (
					"DEBUG=1",
					"$(inherited)",
				);
				GCC_WARN_64_TO_32_BIT_CONVERSION = YES;
				GCC_WARN_ABOUT_RETURN_TYPE = YES_ERROR;
				GCC_WARN_UNDECLARED_SELECTOR = YES;
				GCC_WARN_UNINITIALIZED_AUTOS = YES_AGGRESSIVE;
				GCC_WARN_UNUSED_FUNCTION = YES;
				GCC_WARN_UNUSED_VARIABLE = YES;
				IPHONEOS_DEPLOYMENT_TARGET = 17.4;
				LOCALIZATION_PREFERS_STRING_CATALOGS = YES;
				MTL_ENABLE_DEBUG_INFO = INCLUDE_SOURCE;
				MTL_FAST_MATH = YES;
				ONLY_ACTIVE_ARCH = YES;
				SDKROOT = iphoneos;
				SWIFT_ACTIVE_COMPILATION_CONDITIONS = "DEBUG $(inherited)";
				SWIFT_OPTIMIZATION_LEVEL = "-Onone";
			};
			name = Debug;
		};
		D05D261F2D095D5C00D692C5 /* Release */ = {
			isa = XCBuildConfiguration;
			buildSettings = {
				ALWAYS_SEARCH_USER_PATHS = NO;
				ASSETCATALOG_COMPILER_GENERATE_SWIFT_ASSET_SYMBOL_EXTENSIONS = YES;
				CLANG_ANALYZER_NONNULL = YES;
				CLANG_ANALYZER_NUMBER_OBJECT_CONVERSION = YES_AGGRESSIVE;
				CLANG_CXX_LANGUAGE_STANDARD = "gnu++20";
				CLANG_ENABLE_MODULES = YES;
				CLANG_ENABLE_OBJC_ARC = YES;
				CLANG_ENABLE_OBJC_WEAK = YES;
				CLANG_WARN_BLOCK_CAPTURE_AUTORELEASING = YES;
				CLANG_WARN_BOOL_CONVERSION = YES;
				CLANG_WARN_COMMA = YES;
				CLANG_WARN_CONSTANT_CONVERSION = YES;
				CLANG_WARN_DEPRECATED_OBJC_IMPLEMENTATIONS = YES;
				CLANG_WARN_DIRECT_OBJC_ISA_USAGE = YES_ERROR;
				CLANG_WARN_DOCUMENTATION_COMMENTS = YES;
				CLANG_WARN_EMPTY_BODY = YES;
				CLANG_WARN_ENUM_CONVERSION = YES;
				CLANG_WARN_INFINITE_RECURSION = YES;
				CLANG_WARN_INT_CONVERSION = YES;
				CLANG_WARN_NON_LITERAL_NULL_CONVERSION = YES;
				CLANG_WARN_OBJC_IMPLICIT_RETAIN_SELF = YES;
				CLANG_WARN_OBJC_LITERAL_CONVERSION = YES;
				CLANG_WARN_OBJC_ROOT_CLASS = YES_ERROR;
				CLANG_WARN_QUOTED_INCLUDE_IN_FRAMEWORK_HEADER = YES;
				CLANG_WARN_RANGE_LOOP_ANALYSIS = YES;
				CLANG_WARN_STRICT_PROTOTYPES = YES;
				CLANG_WARN_SUSPICIOUS_MOVE = YES;
				CLANG_WARN_UNGUARDED_AVAILABILITY = YES_AGGRESSIVE;
				CLANG_WARN_UNREACHABLE_CODE = YES;
				CLANG_WARN__DUPLICATE_METHOD_MATCH = YES;
				COPY_PHASE_STRIP = NO;
				DEBUG_INFORMATION_FORMAT = "dwarf-with-dsym";
				ENABLE_NS_ASSERTIONS = NO;
				ENABLE_STRICT_OBJC_MSGSEND = YES;
				ENABLE_USER_SCRIPT_SANDBOXING = YES;
				GCC_C_LANGUAGE_STANDARD = gnu17;
				GCC_NO_COMMON_BLOCKS = YES;
				GCC_WARN_64_TO_32_BIT_CONVERSION = YES;
				GCC_WARN_ABOUT_RETURN_TYPE = YES_ERROR;
				GCC_WARN_UNDECLARED_SELECTOR = YES;
				GCC_WARN_UNINITIALIZED_AUTOS = YES_AGGRESSIVE;
				GCC_WARN_UNUSED_FUNCTION = YES;
				GCC_WARN_UNUSED_VARIABLE = YES;
				IPHONEOS_DEPLOYMENT_TARGET = 17.4;
				LOCALIZATION_PREFERS_STRING_CATALOGS = YES;
				MTL_ENABLE_DEBUG_INFO = NO;
				MTL_FAST_MATH = YES;
				SDKROOT = iphoneos;
				SWIFT_COMPILATION_MODE = wholemodule;
				VALIDATE_PRODUCT = YES;
			};
			name = Release;
		};
		D05D26212D095D5C00D692C5 /* Debug */ = {
			isa = XCBuildConfiguration;
			buildSettings = {
				ASSETCATALOG_COMPILER_APPICON_NAME = AppIcon;
				ASSETCATALOG_COMPILER_GLOBAL_ACCENT_COLOR_NAME = AccentColor;
				CODE_SIGN_STYLE = Automatic;
				CURRENT_PROJECT_VERSION = 1;
				DEVELOPMENT_TEAM = DPQ98A8CD6;
				GENERATE_INFOPLIST_FILE = YES;
				INFOPLIST_FILE = StoreSearch/Info.plist;
				INFOPLIST_KEY_CFBundleDisplayName = "Store Search";
				INFOPLIST_KEY_UIApplicationSupportsIndirectInputEvents = YES;
				INFOPLIST_KEY_UILaunchStoryboardName = LaunchScreen;
				INFOPLIST_KEY_UIMainStoryboardFile = Main;
				INFOPLIST_KEY_UIStatusBarHidden = YES;
				INFOPLIST_KEY_UISupportedInterfaceOrientations_iPad = "UIInterfaceOrientationPortrait UIInterfaceOrientationPortraitUpsideDown UIInterfaceOrientationLandscapeLeft UIInterfaceOrientationLandscapeRight";
				INFOPLIST_KEY_UISupportedInterfaceOrientations_iPhone = "UIInterfaceOrientationPortrait UIInterfaceOrientationLandscapeLeft UIInterfaceOrientationLandscapeRight";
				IPHONEOS_DEPLOYMENT_TARGET = 13.0;
				LD_RUNPATH_SEARCH_PATHS = (
					"$(inherited)",
					"@executable_path/Frameworks",
				);
				MARKETING_VERSION = 1.0;
				PRODUCT_BUNDLE_IDENTIFIER = com.bakhromusmanov.StoreSearch;
				PRODUCT_NAME = "$(TARGET_NAME)";
				SUPPORTED_PLATFORMS = "iphoneos iphonesimulator";
				SUPPORTS_MACCATALYST = NO;
				SUPPORTS_MAC_DESIGNED_FOR_IPHONE_IPAD = NO;
				SUPPORTS_XR_DESIGNED_FOR_IPHONE_IPAD = NO;
				SWIFT_EMIT_LOC_STRINGS = YES;
				SWIFT_VERSION = 5.0;
				TARGETED_DEVICE_FAMILY = "1,2";
			};
			name = Debug;
		};
		D05D26222D095D5C00D692C5 /* Release */ = {
			isa = XCBuildConfiguration;
			buildSettings = {
				ASSETCATALOG_COMPILER_APPICON_NAME = AppIcon;
				ASSETCATALOG_COMPILER_GLOBAL_ACCENT_COLOR_NAME = AccentColor;
				CODE_SIGN_STYLE = Automatic;
				CURRENT_PROJECT_VERSION = 1;
				DEVELOPMENT_TEAM = DPQ98A8CD6;
				GENERATE_INFOPLIST_FILE = YES;
				INFOPLIST_FILE = StoreSearch/Info.plist;
				INFOPLIST_KEY_CFBundleDisplayName = "Store Search";
				INFOPLIST_KEY_UIApplicationSupportsIndirectInputEvents = YES;
				INFOPLIST_KEY_UILaunchStoryboardName = LaunchScreen;
				INFOPLIST_KEY_UIMainStoryboardFile = Main;
				INFOPLIST_KEY_UIStatusBarHidden = YES;
				INFOPLIST_KEY_UISupportedInterfaceOrientations_iPad = "UIInterfaceOrientationPortrait UIInterfaceOrientationPortraitUpsideDown UIInterfaceOrientationLandscapeLeft UIInterfaceOrientationLandscapeRight";
				INFOPLIST_KEY_UISupportedInterfaceOrientations_iPhone = "UIInterfaceOrientationPortrait UIInterfaceOrientationLandscapeLeft UIInterfaceOrientationLandscapeRight";
				IPHONEOS_DEPLOYMENT_TARGET = 13.0;
				LD_RUNPATH_SEARCH_PATHS = (
					"$(inherited)",
					"@executable_path/Frameworks",
				);
				MARKETING_VERSION = 1.0;
				PRODUCT_BUNDLE_IDENTIFIER = com.bakhromusmanov.StoreSearch;
				PRODUCT_NAME = "$(TARGET_NAME)";
				SUPPORTED_PLATFORMS = "iphoneos iphonesimulator";
				SUPPORTS_MACCATALYST = NO;
				SUPPORTS_MAC_DESIGNED_FOR_IPHONE_IPAD = NO;
				SUPPORTS_XR_DESIGNED_FOR_IPHONE_IPAD = NO;
				SWIFT_EMIT_LOC_STRINGS = YES;
				SWIFT_VERSION = 5.0;
				TARGETED_DEVICE_FAMILY = "1,2";
			};
			name = Release;
		};
/* End XCBuildConfiguration section */

/* Begin XCConfigurationList section */
		D05D26072D095D5B00D692C5 /* Build configuration list for PBXProject "StoreSearch" */ = {
			isa = XCConfigurationList;
			buildConfigurations = (
				D05D261E2D095D5C00D692C5 /* Debug */,
				D05D261F2D095D5C00D692C5 /* Release */,
			);
			defaultConfigurationIsVisible = 0;
			defaultConfigurationName = Release;
		};
		D05D26202D095D5C00D692C5 /* Build configuration list for PBXNativeTarget "StoreSearch" */ = {
			isa = XCConfigurationList;
			buildConfigurations = (
				D05D26212D095D5C00D692C5 /* Debug */,
				D05D26222D095D5C00D692C5 /* Release */,
			);
			defaultConfigurationIsVisible = 0;
			defaultConfigurationName = Release;
		};
/* End XCConfigurationList section */
	};
	rootObject = D05D26042D095D5B00D692C5 /* Project object */;
}
